{
  "pins" : [
    {
      "identity" : "alternativesheet",
      "kind" : "remoteSourceControl",
      "location" : "https://github.com/JonasHiltl/AlternativeSheet",
      "state" : {
        "revision" : "d216897f0b854525c3fc9d5003d461d3e8463b97",
        "version" : "1.0.1"
      }
    },
    {
      "identity" : "bottomsheet",
      "kind" : "remoteSourceControl",
      "location" : "https://github.com/lucaszischka/BottomSheet",
      "state" : {
        "revision" : "4c9ef84552712e0117c37d4893270fdc28fb9288",
        "version" : "3.1.0"
      }
    }
  ],
  "version" : 2
}
