// !$*UTF8*$!
{
	archiveVersion = 1;
	classes = {
	};
	objectVersion = 56;
	objects = {

/* Begin PBXBuildFile section */
		2621F5212A10557100591C2F /* BottomSheet in Frameworks */ = {isa = PBXBuildFile; productRef = 2621F5202A10557100591C2F /* BottomSheet */; };
		265839F02A09684F0071F5BF /* SuhbahApp.swift in Sources */ = {isa = PBXBuildFile; fileRef = 265839EF2A09684F0071F5BF /* SuhbahApp.swift */; };
		265839F22A09684F0071F5BF /* ContentView.swift in Sources */ = {isa = PBXBuildFile; fileRef = 265839F12A09684F0071F5BF /* ContentView.swift */; };
		265839F42A0968500071F5BF /* Assets.xcassets in Resources */ = {isa = PBXBuildFile; fileRef = 265839F32A0968500071F5BF /* Assets.xcassets */; };
		265839F72A0968500071F5BF /* Preview Assets.xcassets in Resources */ = {isa = PBXBuildFile; fileRef = 265839F62A0968500071F5BF /* Preview Assets.xcassets */; };
		265839F92A0968500071F5BF /* Persistence.swift in Sources */ = {isa = PBXBuildFile; fileRef = 265839F82A0968500071F5BF /* Persistence.swift */; };
		265839FC2A0968500071F5BF /* Suhbah.xcdatamodeld in Sources */ = {isa = PBXBuildFile; fileRef = 265839FA2A0968500071F5BF /* Suhbah.xcdatamodeld */; };
		26583A032A096AAF0071F5BF /* MainView.swift in Sources */ = {isa = PBXBuildFile; fileRef = 26583A022A096AAF0071F5BF /* MainView.swift */; };
		26583A072A096C510071F5BF /* Mosque.swift in Sources */ = {isa = PBXBuildFile; fileRef = 26583A062A096C510071F5BF /* Mosque.swift */; };
		26583A092A096C790071F5BF /* MosqueListView.swift in Sources */ = {isa = PBXBuildFile; fileRef = 26583A082A096C790071F5BF /* MosqueListView.swift */; };
		26583A0B2A096C940071F5BF /* MosqueRow.swift in Sources */ = {isa = PBXBuildFile; fileRef = 26583A0A2A096C940071F5BF /* MosqueRow.swift */; };
		26583A0D2A099F1A0071F5BF /* SlideOverCardModifier.swift in Sources */ = {isa = PBXBuildFile; fileRef = 26583A0C2A099F1A0071F5BF /* SlideOverCardModifier.swift */; };
		26583A0F2A099F890071F5BF /* MosqueMapView.swift in Sources */ = {isa = PBXBuildFile; fileRef = 26583A0E2A099F890071F5BF /* MosqueMapView.swift */; };
		26583A172A09AB940071F5BF /* Header.swift in Sources */ = {isa = PBXBuildFile; fileRef = 26583A162A09AB940071F5BF /* Header.swift */; };
		26583A192A09CC1D0071F5BF /* SearchBar.swift in Sources */ = {isa = PBXBuildFile; fileRef = 26583A182A09CC1D0071F5BF /* SearchBar.swift */; };
		26583A1F2A0A7C110071F5BF /* Home.swift in Sources */ = {isa = PBXBuildFile; fileRef = 26583A1E2A0A7C110071F5BF /* Home.swift */; };
		26583A222A0A7E310071F5BF /* Extenstions.swift in Sources */ = {isa = PBXBuildFile; fileRef = 26583A212A0A7E310071F5BF /* Extenstions.swift */; };
		26583A242A103A670071F5BF /* CustomBottomSheet.swift in Sources */ = {isa = PBXBuildFile; fileRef = 26583A232A103A670071F5BF /* CustomBottomSheet.swift */; };
		26DD089D2A103E3D00A8818B /* SomeView.swift in Sources */ = {isa = PBXBuildFile; fileRef = 26DD089C2A103E3D00A8818B /* SomeView.swift */; };
		26DD089F2A104E6700A8818B /* Menu.swift in Sources */ = {isa = PBXBuildFile; fileRef = 26DD089E2A104E6700A8818B /* Menu.swift */; };
		26DD08A22A10507900A8818B /* AlternativeSheet in Frameworks */ = {isa = PBXBuildFile; productRef = 26DD08A12A10507900A8818B /* AlternativeSheet */; };
		26E224E72A107EFB005B3BC7 /* ListView2.swift in Sources */ = {isa = PBXBuildFile; fileRef = 26E224E62A107EFB005B3BC7 /* ListView2.swift */; };
		26E224E92A108143005B3BC7 /* MosqueDetailView.swift in Sources */ = {isa = PBXBuildFile; fileRef = 26E224E82A108143005B3BC7 /* MosqueDetailView.swift */; };
/* End PBXBuildFile section */

/* Begin PBXFileReference section */
		265839EC2A09684F0071F5BF /* Suhbah.app */ = {isa = PBXFileReference; explicitFileType = wrapper.application; includeInIndex = 0; path = Suhbah.app; sourceTree = BUILT_PRODUCTS_DIR; };
		265839EF2A09684F0071F5BF /* SuhbahApp.swift */ = {isa = PBXFileReference; lastKnownFileType = sourcecode.swift; path = SuhbahApp.swift; sourceTree = "<group>"; };
		265839F12A09684F0071F5BF /* ContentView.swift */ = {isa = PBXFileReference; lastKnownFileType = sourcecode.swift; path = ContentView.swift; sourceTree = "<group>"; };
		265839F32A0968500071F5BF /* Assets.xcassets */ = {isa = PBXFileReference; lastKnownFileType = folder.assetcatalog; path = Assets.xcassets; sourceTree = "<group>"; };
		265839F62A0968500071F5BF /* Preview Assets.xcassets */ = {isa = PBXFileReference; lastKnownFileType = folder.assetcatalog; path = "Preview Assets.xcassets"; sourceTree = "<group>"; };
		265839F82A0968500071F5BF /* Persistence.swift */ = {isa = PBXFileReference; lastKnownFileType = sourcecode.swift; path = Persistence.swift; sourceTree = "<group>"; };
		265839FB2A0968500071F5BF /* Suhbah.xcdatamodel */ = {isa = PBXFileReference; lastKnownFileType = wrapper.xcdatamodel; path = Suhbah.xcdatamodel; sourceTree = "<group>"; };
		26583A022A096AAF0071F5BF /* MainView.swift */ = {isa = PBXFileReference; lastKnownFileType = sourcecode.swift; path = MainView.swift; sourceTree = "<group>"; };
		26583A062A096C510071F5BF /* Mosque.swift */ = {isa = PBXFileReference; lastKnownFileType = sourcecode.swift; path = Mosque.swift; sourceTree = "<group>"; };
		26583A082A096C790071F5BF /* MosqueListView.swift */ = {isa = PBXFileReference; lastKnownFileType = sourcecode.swift; path = MosqueListView.swift; sourceTree = "<group>"; };
		26583A0A2A096C940071F5BF /* MosqueRow.swift */ = {isa = PBXFileReference; lastKnownFileType = sourcecode.swift; path = MosqueRow.swift; sourceTree = "<group>"; };
		26583A0C2A099F1A0071F5BF /* SlideOverCardModifier.swift */ = {isa = PBXFileReference; lastKnownFileType = sourcecode.swift; path = SlideOverCardModifier.swift; sourceTree = "<group>"; };
		26583A0E2A099F890071F5BF /* MosqueMapView.swift */ = {isa = PBXFileReference; lastKnownFileType = sourcecode.swift; path = MosqueMapView.swift; sourceTree = "<group>"; };
		26583A162A09AB940071F5BF /* Header.swift */ = {isa = PBXFileReference; lastKnownFileType = sourcecode.swift; path = Header.swift; sourceTree = "<group>"; };
		26583A182A09CC1D0071F5BF /* SearchBar.swift */ = {isa = PBXFileReference; lastKnownFileType = sourcecode.swift; path = SearchBar.swift; sourceTree = "<group>"; };
		26583A1E2A0A7C110071F5BF /* Home.swift */ = {isa = PBXFileReference; lastKnownFileType = sourcecode.swift; path = Home.swift; sourceTree = "<group>"; };
		26583A212A0A7E310071F5BF /* Extenstions.swift */ = {isa = PBXFileReference; lastKnownFileType = sourcecode.swift; path = Extenstions.swift; sourceTree = "<group>"; };
		26583A232A103A670071F5BF /* CustomBottomSheet.swift */ = {isa = PBXFileReference; lastKnownFileType = sourcecode.swift; path = CustomBottomSheet.swift; sourceTree = "<group>"; };
		26DD089C2A103E3D00A8818B /* SomeView.swift */ = {isa = PBXFileReference; lastKnownFileType = sourcecode.swift; path = SomeView.swift; sourceTree = "<group>"; };
		26DD089E2A104E6700A8818B /* Menu.swift */ = {isa = PBXFileReference; lastKnownFileType = sourcecode.swift; path = Menu.swift; sourceTree = "<group>"; };
		26E224E62A107EFB005B3BC7 /* ListView2.swift */ = {isa = PBXFileReference; lastKnownFileType = sourcecode.swift; path = ListView2.swift; sourceTree = "<group>"; };
		26E224E82A108143005B3BC7 /* MosqueDetailView.swift */ = {isa = PBXFileReference; lastKnownFileType = sourcecode.swift; path = MosqueDetailView.swift; sourceTree = "<group>"; };
/* End PBXFileReference section */

/* Begin PBXFrameworksBuildPhase section */
		265839E92A09684F0071F5BF /* Frameworks */ = {
			isa = PBXFrameworksBuildPhase;
			buildActionMask = 2147483647;
			files = (
				26DD08A22A10507900A8818B /* AlternativeSheet in Frameworks */,
				2621F5212A10557100591C2F /* BottomSheet in Frameworks */,
			);
			runOnlyForDeploymentPostprocessing = 0;
		};
/* End PBXFrameworksBuildPhase section */

/* Begin PBXGroup section */
		265839E32A09684F0071F5BF = {
			isa = PBXGroup;
			children = (
				265839EE2A09684F0071F5BF /* Suhbah */,
				265839ED2A09684F0071F5BF /* Products */,
			);
			sourceTree = "<group>";
		};
		265839ED2A09684F0071F5BF /* Products */ = {
			isa = PBXGroup;
			children = (
				265839EC2A09684F0071F5BF /* Suhbah.app */,
			);
			name = Products;
			sourceTree = "<group>";
		};
		265839EE2A09684F0071F5BF /* Suhbah */ = {
			isa = PBXGroup;
			children = (
				265839EF2A09684F0071F5BF /* SuhbahApp.swift */,
				26583A022A096AAF0071F5BF /* MainView.swift */,
				26583A1E2A0A7C110071F5BF /* Home.swift */,
				26583A1D2A0A7BA80071F5BF /* Model */,
				26583A1C2A0A7B8B0071F5BF /* View */,
				26583A162A09AB940071F5BF /* Header.swift */,
				26583A182A09CC1D0071F5BF /* SearchBar.swift */,
				26583A0C2A099F1A0071F5BF /* SlideOverCardModifier.swift */,
				26583A0E2A099F890071F5BF /* MosqueMapView.swift */,
				26583A082A096C790071F5BF /* MosqueListView.swift */,
				26E224E82A108143005B3BC7 /* MosqueDetailView.swift */,
				26583A0A2A096C940071F5BF /* MosqueRow.swift */,
				265839F12A09684F0071F5BF /* ContentView.swift */,
				265839F32A0968500071F5BF /* Assets.xcassets */,
				265839F82A0968500071F5BF /* Persistence.swift */,
				265839FA2A0968500071F5BF /* Suhbah.xcdatamodeld */,
				265839F52A0968500071F5BF /* Preview Content */,
			);
			path = Suhbah;
			sourceTree = "<group>";
		};
		265839F52A0968500071F5BF /* Preview Content */ = {
			isa = PBXGroup;
			children = (
				265839F62A0968500071F5BF /* Preview Assets.xcassets */,
			);
			path = "Preview Content";
			sourceTree = "<group>";
		};
		26583A1C2A0A7B8B0071F5BF /* View */ = {
			isa = PBXGroup;
			children = (
				26583A202A0A7C360071F5BF /* Helpers */,
				26583A232A103A670071F5BF /* CustomBottomSheet.swift */,
				26DD089C2A103E3D00A8818B /* SomeView.swift */,
				26DD089E2A104E6700A8818B /* Menu.swift */,
				26E224E62A107EFB005B3BC7 /* ListView2.swift */,
			);
			path = View;
			sourceTree = "<group>";
		};
		26583A1D2A0A7BA80071F5BF /* Model */ = {
			isa = PBXGroup;
			children = (
				26583A062A096C510071F5BF /* Mosque.swift */,
			);
			path = Model;
			sourceTree = "<group>";
		};
		26583A202A0A7C360071F5BF /* Helpers */ = {
			isa = PBXGroup;
			children = (
				26583A212A0A7E310071F5BF /* Extenstions.swift */,
			);
			path = Helpers;
			sourceTree = "<group>";
		};
/* End PBXGroup section */

/* Begin PBXNativeTarget section */
		265839EB2A09684F0071F5BF /* Suhbah */ = {
			isa = PBXNativeTarget;
			buildConfigurationList = 265839FF2A0968500071F5BF /* Build configuration list for PBXNativeTarget "Suhbah" */;
			buildPhases = (
				265839E82A09684F0071F5BF /* Sources */,
				265839E92A09684F0071F5BF /* Frameworks */,
				265839EA2A09684F0071F5BF /* Resources */,
			);
			buildRules = (
			);
			dependencies = (
			);
			name = Suhbah;
			packageProductDependencies = (
				26DD08A12A10507900A8818B /* AlternativeSheet */,
				2621F5202A10557100591C2F /* BottomSheet */,
			);
			productName = Suhbah;
			productReference = 265839EC2A09684F0071F5BF /* Suhbah.app */;
			productType = "com.apple.product-type.application";
		};
/* End PBXNativeTarget section */

/* Begin PBXProject section */
		265839E42A09684F0071F5BF /* Project object */ = {
			isa = PBXProject;
			attributes = {
				BuildIndependentTargetsInParallel = 1;
				LastSwiftUpdateCheck = 1430;
				LastUpgradeCheck = 1430;
				TargetAttributes = {
					265839EB2A09684F0071F5BF = {
						CreatedOnToolsVersion = 14.3;
					};
				};
			};
			buildConfigurationList = 265839E72A09684F0071F5BF /* Build configuration list for PBXProject "Suhbah" */;
			compatibilityVersion = "Xcode 14.0";
			developmentRegion = en;
			hasScannedForEncodings = 0;
			knownRegions = (
				en,
				Base,
			);
			mainGroup = 265839E32A09684F0071F5BF;
			packageReferences = (
				26DD08A02A10507900A8818B /* XCRemoteSwiftPackageReference "AlternativeSheet" */,
				2621F51F2A10557100591C2F /* XCRemoteSwiftPackageReference "BottomSheet" */,
			);
			productRefGroup = 265839ED2A09684F0071F5BF /* Products */;
			projectDirPath = "";
			projectRoot = "";
			targets = (
				265839EB2A09684F0071F5BF /* Suhbah */,
			);
		};
/* End PBXProject section */

/* Begin PBXResourcesBuildPhase section */
		265839EA2A09684F0071F5BF /* Resources */ = {
			isa = PBXResourcesBuildPhase;
			buildActionMask = 2147483647;
			files = (
				265839F72A0968500071F5BF /* Preview Assets.xcassets in Resources */,
				265839F42A0968500071F5BF /* Assets.xcassets in Resources */,
			);
			runOnlyForDeploymentPostprocessing = 0;
		};
/* End PBXResourcesBuildPhase section */

/* Begin PBXSourcesBuildPhase section */
		265839E82A09684F0071F5BF /* Sources */ = {
			isa = PBXSourcesBuildPhase;
			buildActionMask = 2147483647;
			files = (
				26583A192A09CC1D0071F5BF /* SearchBar.swift in Sources */,
				26583A0F2A099F890071F5BF /* MosqueMapView.swift in Sources */,
				26E224E92A108143005B3BC7 /* MosqueDetailView.swift in Sources */,
				26583A222A0A7E310071F5BF /* Extenstions.swift in Sources */,
				26E224E72A107EFB005B3BC7 /* ListView2.swift in Sources */,
				26583A172A09AB940071F5BF /* Header.swift in Sources */,
				26583A092A096C790071F5BF /* MosqueListView.swift in Sources */,
				265839F92A0968500071F5BF /* Persistence.swift in Sources */,
				26583A0D2A099F1A0071F5BF /* SlideOverCardModifier.swift in Sources */,
				26583A1F2A0A7C110071F5BF /* Home.swift in Sources */,
				265839F22A09684F0071F5BF /* ContentView.swift in Sources */,
				265839FC2A0968500071F5BF /* Suhbah.xcdatamodeld in Sources */,
				26DD089D2A103E3D00A8818B /* SomeView.swift in Sources */,
				26583A0B2A096C940071F5BF /* MosqueRow.swift in Sources */,
				26583A072A096C510071F5BF /* Mosque.swift in Sources */,
				26DD089F2A104E6700A8818B /* Menu.swift in Sources */,
				26583A032A096AAF0071F5BF /* MainView.swift in Sources */,
				265839F02A09684F0071F5BF /* SuhbahApp.swift in Sources */,
				26583A242A103A670071F5BF /* CustomBottomSheet.swift in Sources */,
			);
			runOnlyForDeploymentPostprocessing = 0;
		};
/* End PBXSourcesBuildPhase section */

/* Begin XCBuildConfiguration section */
		265839FD2A0968500071F5BF /* Debug */ = {
			isa = XCBuildConfiguration;
			buildSettings = {
				ALWAYS_SEARCH_USER_PATHS = NO;
				CLANG_ANALYZER_NONNULL = YES;
				CLANG_ANALYZER_NUMBER_OBJECT_CONVERSION = YES_AGGRESSIVE;
				CLANG_CXX_LANGUAGE_STANDARD = "gnu++20";
				CLANG_ENABLE_MODULES = YES;
				CLANG_ENABLE_OBJC_ARC = YES;
				CLANG_ENABLE_OBJC_WEAK = YES;
				CLANG_WARN_BLOCK_CAPTURE_AUTORELEASING = YES;
				CLANG_WARN_BOOL_CONVERSION = YES;
				CLANG_WARN_COMMA = YES;
				CLANG_WARN_CONSTANT_CONVERSION = YES;
				CLANG_WARN_DEPRECATED_OBJC_IMPLEMENTATIONS = YES;
				CLANG_WARN_DIRECT_OBJC_ISA_USAGE = YES_ERROR;
				CLANG_WARN_DOCUMENTATION_COMMENTS = YES;
				CLANG_WARN_EMPTY_BODY = YES;
				CLANG_WARN_ENUM_CONVERSION = YES;
				CLANG_WARN_INFINITE_RECURSION = YES;
				CLANG_WARN_INT_CONVERSION = YES;
				CLANG_WARN_NON_LITERAL_NULL_CONVERSION = YES;
				CLANG_WARN_OBJC_IMPLICIT_RETAIN_SELF = YES;
				CLANG_WARN_OBJC_LITERAL_CONVERSION = YES;
				CLANG_WARN_OBJC_ROOT_CLASS = YES_ERROR;
				CLANG_WARN_QUOTED_INCLUDE_IN_FRAMEWORK_HEADER = YES;
				CLANG_WARN_RANGE_LOOP_ANALYSIS = YES;
				CLANG_WARN_STRICT_PROTOTYPES = YES;
				CLANG_WARN_SUSPICIOUS_MOVE = YES;
				CLANG_WARN_UNGUARDED_AVAILABILITY = YES_AGGRESSIVE;
				CLANG_WARN_UNREACHABLE_CODE = YES;
				CLANG_WARN__DUPLICATE_METHOD_MATCH = YES;
				COPY_PHASE_STRIP = NO;
				DEBUG_INFORMATION_FORMAT = dwarf;
				ENABLE_STRICT_OBJC_MSGSEND = YES;
				ENABLE_TESTABILITY = YES;
				GCC_C_LANGUAGE_STANDARD = gnu11;
				GCC_DYNAMIC_NO_PIC = NO;
				GCC_NO_COMMON_BLOCKS = YES;
				GCC_OPTIMIZATION_LEVEL = 0;
				GCC_PREPROCESSOR_DEFINITIONS = (
					"DEBUG=1",
					"$(inherited)",
				);
				GCC_WARN_64_TO_32_BIT_CONVERSION = YES;
				GCC_WARN_ABOUT_RETURN_TYPE = YES_ERROR;
				GCC_WARN_UNDECLARED_SELECTOR = YES;
				GCC_WARN_UNINITIALIZED_AUTOS = YES_AGGRESSIVE;
				GCC_WARN_UNUSED_FUNCTION = YES;
				GCC_WARN_UNUSED_VARIABLE = YES;
				IPHONEOS_DEPLOYMENT_TARGET = 16.4;
				MTL_ENABLE_DEBUG_INFO = INCLUDE_SOURCE;
				MTL_FAST_MATH = YES;
				ONLY_ACTIVE_ARCH = YES;
				SDKROOT = iphoneos;
				SWIFT_ACTIVE_COMPILATION_CONDITIONS = DEBUG;
				SWIFT_OPTIMIZATION_LEVEL = "-Onone";
			};
			name = Debug;
		};
		265839FE2A0968500071F5BF /* Release */ = {
			isa = XCBuildConfiguration;
			buildSettings = {
				ALWAYS_SEARCH_USER_PATHS = NO;
				CLANG_ANALYZER_NONNULL = YES;
				CLANG_ANALYZER_NUMBER_OBJECT_CONVERSION = YES_AGGRESSIVE;
				CLANG_CXX_LANGUAGE_STANDARD = "gnu++20";
				CLANG_ENABLE_MODULES = YES;
				CLANG_ENABLE_OBJC_ARC = YES;
				CLANG_ENABLE_OBJC_WEAK = YES;
				CLANG_WARN_BLOCK_CAPTURE_AUTORELEASING = YES;
				CLANG_WARN_BOOL_CONVERSION = YES;
				CLANG_WARN_COMMA = YES;
				CLANG_WARN_CONSTANT_CONVERSION = YES;
				CLANG_WARN_DEPRECATED_OBJC_IMPLEMENTATIONS = YES;
				CLANG_WARN_DIRECT_OBJC_ISA_USAGE = YES_ERROR;
				CLANG_WARN_DOCUMENTATION_COMMENTS = YES;
				CLANG_WARN_EMPTY_BODY = YES;
				CLANG_WARN_ENUM_CONVERSION = YES;
				CLANG_WARN_INFINITE_RECURSION = YES;
				CLANG_WARN_INT_CONVERSION = YES;
				CLANG_WARN_NON_LITERAL_NULL_CONVERSION = YES;
				CLANG_WARN_OBJC_IMPLICIT_RETAIN_SELF = YES;
				CLANG_WARN_OBJC_LITERAL_CONVERSION = YES;
				CLANG_WARN_OBJC_ROOT_CLASS = YES_ERROR;
				CLANG_WARN_QUOTED_INCLUDE_IN_FRAMEWORK_HEADER = YES;
				CLANG_WARN_RANGE_LOOP_ANALYSIS = YES;
				CLANG_WARN_STRICT_PROTOTYPES = YES;
				CLANG_WARN_SUSPICIOUS_MOVE = YES;
				CLANG_WARN_UNGUARDED_AVAILABILITY = YES_AGGRESSIVE;
				CLANG_WARN_UNREACHABLE_CODE = YES;
				CLANG_WARN__DUPLICATE_METHOD_MATCH = YES;
				COPY_PHASE_STRIP = NO;
				DEBUG_INFORMATION_FORMAT = "dwarf-with-dsym";
				ENABLE_NS_ASSERTIONS = NO;
				ENABLE_STRICT_OBJC_MSGSEND = YES;
				GCC_C_LANGUAGE_STANDARD = gnu11;
				GCC_NO_COMMON_BLOCKS = YES;
				GCC_WARN_64_TO_32_BIT_CONVERSION = YES;
				GCC_WARN_ABOUT_RETURN_TYPE = YES_ERROR;
				GCC_WARN_UNDECLARED_SELECTOR = YES;
				GCC_WARN_UNINITIALIZED_AUTOS = YES_AGGRESSIVE;
				GCC_WARN_UNUSED_FUNCTION = YES;
				GCC_WARN_UNUSED_VARIABLE = YES;
				IPHONEOS_DEPLOYMENT_TARGET = 16.4;
				MTL_ENABLE_DEBUG_INFO = NO;
				MTL_FAST_MATH = YES;
				SDKROOT = iphoneos;
				SWIFT_COMPILATION_MODE = wholemodule;
				SWIFT_OPTIMIZATION_LEVEL = "-O";
				VALIDATE_PRODUCT = YES;
			};
			name = Release;
		};
		26583A002A0968500071F5BF /* Debug */ = {
			isa = XCBuildConfiguration;
			buildSettings = {
				ASSETCATALOG_COMPILER_APPICON_NAME = AppIcon;
				ASSETCATALOG_COMPILER_GLOBAL_ACCENT_COLOR_NAME = AccentColor;
				CODE_SIGN_STYLE = Automatic;
				CURRENT_PROJECT_VERSION = 1;
				DEVELOPMENT_ASSET_PATHS = "\"Suhbah/Preview Content\"";
				DEVELOPMENT_TEAM = GFMX9Q36T5;
				ENABLE_PREVIEWS = YES;
				GENERATE_INFOPLIST_FILE = YES;
				INFOPLIST_KEY_UIApplicationSceneManifest_Generation = YES;
				INFOPLIST_KEY_UIApplicationSupportsIndirectInputEvents = YES;
				INFOPLIST_KEY_UILaunchScreen_Generation = YES;
				INFOPLIST_KEY_UISupportedInterfaceOrientations_iPad = "UIInterfaceOrientationPortrait UIInterfaceOrientationPortraitUpsideDown UIInterfaceOrientationLandscapeLeft UIInterfaceOrientationLandscapeRight";
				INFOPLIST_KEY_UISupportedInterfaceOrientations_iPhone = "UIInterfaceOrientationPortrait UIInterfaceOrientationLandscapeLeft UIInterfaceOrientationLandscapeRight";
				LD_RUNPATH_SEARCH_PATHS = (
					"$(inherited)",
					"@executable_path/Frameworks",
				);
				MARKETING_VERSION = 1.0;
				PRODUCT_BUNDLE_IDENTIFIER = com.omarshaarawi.Suhbah;
				PRODUCT_NAME = "$(TARGET_NAME)";
				SWIFT_EMIT_LOC_STRINGS = YES;
				SWIFT_VERSION = 5.0;
				TARGETED_DEVICE_FAMILY = "1,2";
			};
			name = Debug;
		};
		26583A012A0968500071F5BF /* Release */ = {
			isa = XCBuildConfiguration;
			buildSettings = {
				ASSETCATALOG_COMPILER_APPICON_NAME = AppIcon;
				ASSETCATALOG_COMPILER_GLOBAL_ACCENT_COLOR_NAME = AccentColor;
				CODE_SIGN_STYLE = Automatic;
				CURRENT_PROJECT_VERSION = 1;
				DEVELOPMENT_ASSET_PATHS = "\"Suhbah/Preview Content\"";
				DEVELOPMENT_TEAM = GFMX9Q36T5;
				ENABLE_PREVIEWS = YES;
				GENERATE_INFOPLIST_FILE = YES;
				INFOPLIST_KEY_UIApplicationSceneManifest_Generation = YES;
				INFOPLIST_KEY_UIApplicationSupportsIndirectInputEvents = YES;
				INFOPLIST_KEY_UILaunchScreen_Generation = YES;
				INFOPLIST_KEY_UISupportedInterfaceOrientations_iPad = "UIInterfaceOrientationPortrait UIInterfaceOrientationPortraitUpsideDown UIInterfaceOrientationLandscapeLeft UIInterfaceOrientationLandscapeRight";
				INFOPLIST_KEY_UISupportedInterfaceOrientations_iPhone = "UIInterfaceOrientationPortrait UIInterfaceOrientationLandscapeLeft UIInterfaceOrientationLandscapeRight";
				LD_RUNPATH_SEARCH_PATHS = (
					"$(inherited)",
					"@executable_path/Frameworks",
				);
				MARKETING_VERSION = 1.0;
				PRODUCT_BUNDLE_IDENTIFIER = com.omarshaarawi.Suhbah;
				PRODUCT_NAME = "$(TARGET_NAME)";
				SWIFT_EMIT_LOC_STRINGS = YES;
				SWIFT_VERSION = 5.0;
				TARGETED_DEVICE_FAMILY = "1,2";
			};
			name = Release;
		};
/* End XCBuildConfiguration section */

/* Begin XCConfigurationList section */
		265839E72A09684F0071F5BF /* Build configuration list for PBXProject "Suhbah" */ = {
			isa = XCConfigurationList;
			buildConfigurations = (
				265839FD2A0968500071F5BF /* Debug */,
				265839FE2A0968500071F5BF /* Release */,
			);
			defaultConfigurationIsVisible = 0;
			defaultConfigurationName = Release;
		};
		265839FF2A0968500071F5BF /* Build configuration list for PBXNativeTarget "Suhbah" */ = {
			isa = XCConfigurationList;
			buildConfigurations = (
				26583A002A0968500071F5BF /* Debug */,
				26583A012A0968500071F5BF /* Release */,
			);
			defaultConfigurationIsVisible = 0;
			defaultConfigurationName = Release;
		};
/* End XCConfigurationList section */

/* Begin XCRemoteSwiftPackageReference section */
		2621F51F2A10557100591C2F /* XCRemoteSwiftPackageReference "BottomSheet" */ = {
			isa = XCRemoteSwiftPackageReference;
			repositoryURL = "https://github.com/lucaszischka/BottomSheet";
			requirement = {
				kind = upToNextMajorVersion;
				minimumVersion = 3.0.0;
			};
		};
		26DD08A02A10507900A8818B /* XCRemoteSwiftPackageReference "AlternativeSheet" */ = {
			isa = XCRemoteSwiftPackageReference;
			repositoryURL = "https://github.com/JonasHiltl/AlternativeSheet";
			requirement = {
				kind = upToNextMajorVersion;
				minimumVersion = 1.0.1;
			};
		};
/* End XCRemoteSwiftPackageReference section */

/* Begin XCSwiftPackageProductDependency section */
		2621F5202A10557100591C2F /* BottomSheet */ = {
			isa = XCSwiftPackageProductDependency;
			package = 2621F51F2A10557100591C2F /* XCRemoteSwiftPackageReference "BottomSheet" */;
			productName = BottomSheet;
		};
		26DD08A12A10507900A8818B /* AlternativeSheet */ = {
			isa = XCSwiftPackageProductDependency;
			package = 26DD08A02A10507900A8818B /* XCRemoteSwiftPackageReference "AlternativeSheet" */;
			productName = AlternativeSheet;
		};
/* End XCSwiftPackageProductDependency section */

/* Begin XCVersionGroup section */
		265839FA2A0968500071F5BF /* Suhbah.xcdatamodeld */ = {
			isa = XCVersionGroup;
			children = (
				265839FB2A0968500071F5BF /* Suhbah.xcdatamodel */,
			);
			currentVersion = 265839FB2A0968500071F5BF /* Suhbah.xcdatamodel */;
			path = Suhbah.xcdatamodeld;
			sourceTree = "<group>";
			versionGroupType = wrapper.xcdatamodel;
		};
/* End XCVersionGroup section */
	};
	rootObject = 265839E42A09684F0071F5BF /* Project object */;
}
